
Microsoft Visual Studio Solution File, Format Version 12.00
# Visual Studio 2012
Project("{FAE04EC0-301F-11D3-BF4B-00C04F79EFBC}") = "QuanLyQuanCafe", "QuanLyQuanCafe\QuanLyQuanCafe.csproj", "{F1628ACE-9AAE-440A-8A1E-62D280BF4124}"
EndProject
Global
	GlobalSection(SolutionConfigurationPlatforms) = preSolution
		Debug|Any CPU = Debug|Any CPU
		Release|Any CPU = Release|Any CPU
	EndGlobalSection
	GlobalSection(ProjectConfigurationPlatforms) = postSolution
		{F1628ACE-9AAE-440A-8A1E-62D280BF4124}.Debug|Any CPU.ActiveCfg = Debug|Any CPU
		{F1628ACE-9AAE-440A-8A1E-62D280BF4124}.Debug|Any CPU.Build.0 = Debug|Any CPU
		{F1628ACE-9AAE-440A-8A1E-62D280BF4124}.Release|Any CPU.ActiveCfg = Release|Any CPU
		{F1628ACE-9AAE-440A-8A1E-62D280BF4124}.Release|Any CPU.Build.0 = Release|Any CPU
	EndGlobalSection
	GlobalSection(SolutionProperties) = preSolution
		HideSolutionNode = FALSE
	EndGlobalSection
EndGlobal
